
Microsoft Visual Studio Solution File, Format Version 12.00
# Visual Studio Version 17
VisualStudioVersion = 17.0.32126.317
MinimumVisualStudioVersion = 10.0.40219.1
Project("{FAE04EC0-301F-11D3-BF4B-00C04F79EFBC}") = "RuPhoneNumX", "RuPhoneNumX\RuPhoneNumX.csproj", "{BBE2DCB8-8C98-4714-81C7-2848FEBB8827}"
EndProject
Global
	GlobalSection(SolutionConfigurationPlatforms) = preSolution
		Debug|Any CPU = Debug|Any CPU
		Release|Any CPU = Release|Any CPU
	EndGlobalSection
	GlobalSection(ProjectConfigurationPlatforms) = postSolution
		{BBE2DCB8-8C98-4714-81C7-2848FEBB8827}.Debug|Any CPU.ActiveCfg = Debug|Any CPU
		{BBE2DCB8-8C98-4714-81C7-2848FEBB8827}.Debug|Any CPU.Build.0 = Debug|Any CPU
		{BBE2DCB8-8C98-4714-81C7-2848FEBB8827}.Release|Any CPU.ActiveCfg = Release|Any CPU
		{BBE2DCB8-8C98-4714-81C7-2848FEBB8827}.Release|Any CPU.Build.0 = Release|Any CPU
	EndGlobalSection
	GlobalSection(SolutionProperties) = preSolution
		HideSolutionNode = FALSE
	EndGlobalSection
	GlobalSection(ExtensibilityGlobals) = postSolution
		SolutionGuid = {E4E5157B-67C9-49AB-A023-0B3068ED8E4E}
	EndGlobalSection
EndGlobal
